Microsoft Visual Studio Solution File, Format Version 12.00
# Visual Studio Version 17
VisualStudioVersion = 17.14.35906.104
MinimumVisualStudioVersion = 10.0.40219.1
Project("{FAE04EC0-301F-11D3-BF4B-00C04F79EFBC}") = "BlazorTranslation", "BlazorTranslation\BlazorTranslation.csproj", "{C622AB87-78D8-4F01-A1E2-D2F83D93E1CD}"
EndProject
Global
	GlobalSection(SolutionConfigurationPlatforms) = preSolution
		Debug|Any CPU = Debug|Any CPU
		Release|Any CPU = Release|Any CPU
	EndGlobalSection
	GlobalSection(ProjectConfigurationPlatforms) = postSolution
		{C622AB87-78D8-4F01-A1E2-D2F83D93E1CD}.Debug|Any CPU.ActiveCfg = Debug|Any CPU
		{C622AB87-78D8-4F01-A1E2-D2F83D93E1CD}.Debug|Any CPU.Build.0 = Debug|Any CPU
		{C622AB87-78D8-4F01-A1E2-D2F83D93E1CD}.Release|Any CPU.ActiveCfg = Release|Any CPU
		{C622AB87-78D8-4F01-A1E2-D2F83D93E1CD}.Release|Any CPU.Build.0 = Release|Any CPU
	EndGlobalSection
	GlobalSection(SolutionProperties) = preSolution
		HideSolutionNode = FALSE
	EndGlobalSection
	GlobalSection(ExtensibilityGlobals) = postSolution
		SolutionGuid = {DAB9E0EC-0CCD-4765-858D-4F34E3FE8214}
	EndGlobalSection
EndGlobal
